schema_version: 1
lock_id: ADP-V7-1-ROOT-LOCK-20260624
project_id: arxiv-daily-push
status: repository_locked_pending_pr_ci
as_of: "2026-06-24"

current_contract:
  contract_version: ADP-PRODUCT-CONTRACT-V7.1
  contract_path: docs/pursuing_goal/v7_1/machine_readable/product_contract_v7.yaml
  contract_sha256: e51f306755629870f5a3693a50191c2291131d2224b91a8f3ef976e272eec7ad
  contract_hash_file: docs/pursuing_goal/v7_1/CONTRACT_HASH.txt
  roadmap_version: ADP-ROADMAP-V7.1
  roadmap_path: docs/pursuing_goal/v7_1/ROADMAP/roadmap_v7.yaml
  roadmap_sha256: b3e9860042fcbbf67ef5c49c12d3da30dbf0ae217ff1fe44bd25580a52f7c1a6
  human_roadmap_path: docs/pursuing_goal/v7_1/ROADMAP/ARXIV_DAILY_PUSH_ROADMAP_V7_1_CN.md
  audit_version: ADP-PARALLEL-AUDIT-V7.1
  audit_findings_path: docs/pursuing_goal/v7_1/machine_readable/audit_findings_v7_1.yaml
  audit_findings_sha256: f102af13006e5a18de6ad71e6c2e6b9080ba06384dd6d26fd99019a9437dc165
  merge_policy_path: docs/pursuing_goal/v7_1/machine_readable/merge_policy_v7_1.yaml
  lifecycle_path: docs/pursuing_goal/v7_1/machine_readable/operational_lifecycle_v7_1.yaml

stage1_boundary:
  accepted_gate: ARXIV_PRODUCTION_ACCEPTED
  maintained_gate: ARXIV_PRODUCTION_ACCEPTED_MAINTAINED
  status: maintained
  must_not_regress: true

stage2_boundary:
  status: in_progress
  production_accepted: false
  current_phase: S2PC
  current_task_id: S2PCT01
  next_unique_task: S2PCT01
  current_shadow_source_task: S2PBT01
  legacy_aliases:
    S2PCT01: S2P2T01
    S2PBT01: S2P1T01
  final_task: S2PMT07
  stop_gate: INTEGRATED_PRODUCTION_ACCEPTED -> DAILY_OPERATION
  stage2_continues_in_parallel: true

production_forbidden_until:
  - P0 findings are zero
  - P1 findings are zero
  - S2PMT07 independent final review passes
  - INTEGRATED_PRODUCTION_ACCEPTED is written with evidence

forbidden_actions_until_integrated_gate:
  real_smtp_send: true
  automatic_scheduler_install: true
  daily_operation_enablement: true
  production_restore: true
  release_packaging: true
  final_video_claim: true

required_next_agent_read_order:
  - docs/pursuing_goal/v7_1/V7_1_ROOT_LOCK.yaml
  - docs/pursuing_goal/v7_1/HANDOFF/00_下一Agent先读.md
  - docs/pursuing_goal/v7_1/machine_readable/product_contract_v7.yaml
  - docs/pursuing_goal/v7_1/machine_readable/audit_findings_v7_1.yaml
  - docs/pursuing_goal/v7_1/machine_readable/merge_policy_v7_1.yaml
  - docs/pursuing_goal/v7_1/ROADMAP/roadmap_v7.yaml

validation_contract:
  validator: scripts/validate_project_governance.py --project arxiv-daily-push
  changed_only_validator: scripts/validate_project_governance.py --changed-only --enforce-sync --semantic --base-ref origin/main
  required_human_files:
    - 功能清单
    - 开发记录
    - 模型参数文件
  required_machine_files:
    - docs/governance/VERSION_MATRIX.yaml
    - docs/governance/delivery_tasks.yaml
    - docs/governance/STATUS.md
    - docs/governance/ASSURANCE_STATUS.yaml
