schema_version: 1
lock_id: ADP-V7-2-ROOT-LOCK-20260624
project_id: arxiv-daily-push
status: current_contract_on_main_merged_pr_140
as_of: "2026-06-24"
current_contract:
  contract_version: ADP-PRODUCT-CONTRACT-V7.2
  contract_path: docs/pursuing_goal/v7_2/machine_readable/product_contract_v7_2.yaml
  contract_sha256: a4de9e5d0fcd2be0290916bc50028b0c5cdeb1d84a57191b298ccfe0ec79428d
  current_pointer_path: docs/pursuing_goal/CURRENT.yaml
  roadmap_version: ADP-ROADMAP-V7.2
  roadmap_path: docs/pursuing_goal/v7_2/machine_readable/roadmap_v7_2.yaml
  roadmap_sha256: 7c5f2d842d4f6b909343c953fe39b4a4aa540d168199747a9f7decdb1aad9bd1
  migration_matrix_path: docs/pursuing_goal/v7_2/machine_readable/migration_matrix_v7_1_to_v7_2.yaml
  migration_matrix_sha256: 08696d0211878131b5ddaaef1a8a963b8870e9e844f7d5c70beb6412a5f4c7fc
  final_review_path: docs/pursuing_goal/v7_2/AUDIT/final_review_matrix.yaml
  final_review_sha256: 571b3dbbc78d6dac01bd18472a0358f5ce4c51ac3d590c10d0c02e6453a7ea6c
previous_contract:
  contract_version: ADP-PRODUCT-CONTRACT-V7.1
  root_lock: docs/pursuing_goal/v7_1/V7_1_ROOT_LOCK.yaml
  preservation_policy: read_only_history_baseline
  product_contract_sha256: e51f306755629870f5a3693a50191c2291131d2224b91a8f3ef976e272eec7ad
  roadmap_sha256: b3e9860042fcbbf67ef5c49c12d3da30dbf0ae217ff1fe44bd25580a52f7c1a6
  audit_findings_sha256: f102af13006e5a18de6ad71e6c2e6b9080ba06384dd6d26fd99019a9437dc165
inherited_v7_1_audit_blockers:
  source: docs/pursuing_goal/v7_1/machine_readable/audit_findings_v7_1.yaml
  open_p0_findings: 8
  open_p1_findings: 37
  policy: inherited_and_production_blocking_until_individually_remediated
v7_2_baseline_migration_blockers:
  open_p0_findings: 0
  open_p1_findings: 0
  policy: V7.2 contract publication blockers only; does not close inherited V7.1 production blockers.
stage1_boundary:
  accepted_gate: ARXIV_PRODUCTION_ACCEPTED
  maintained_gate: ARXIV_PRODUCTION_ACCEPTED_MAINTAINED
  status: maintained
  must_not_regress: true
stage2_boundary:
  status: in_progress
  production_accepted: false
  global_current_task: S2PMT07
  email_v1_workstream_next: EMAIL_LEARNING_V1_MERGED_TO_MAIN_NO_PRODUCTION_SIDE_EFFECTS
  shadow_source_next: NONE_WHILE_S2PMT07_BLOCKED
  final_task: S2PMT07
  stop_gate: INTEGRATED_PRODUCTION_ACCEPTED -> DAILY_OPERATION
  stage2_continues_in_parallel: true
agent_revalidation:
  required: true
  rule: All active or completed Stage2 agents must re-review their completed work against V7.2 and repair non-compliance before starting new tasks.
production_forbidden_until:
  - inherited V7.1 P0 findings are zero
  - inherited V7.1 P1 findings are zero
  - S2PLT04 is completed with evidence
  - final acceptance bundle exists
  - S2PMT07 independent final review passes
  - INTEGRATED_PRODUCTION_ACCEPTED is written with evidence
forbidden_actions_until_integrated_gate:
  real_smtp_send: true
  automatic_scheduler_install: true
  daily_operation_enablement: true
  production_restore: true
  release_packaging: true
  final_video_claim: true
required_next_agent_read_order:
  - docs/pursuing_goal/CURRENT.yaml
  - docs/pursuing_goal/v7_2/V7_2_ROOT_LOCK.yaml
  - docs/pursuing_goal/v7_2/HANDOFF/00_下一Agent先读.md
  - docs/pursuing_goal/v7_2/machine_readable/product_contract_v7_2.yaml
  - docs/pursuing_goal/v7_2/machine_readable/migration_matrix_v7_1_to_v7_2.yaml
  - docs/pursuing_goal/v7_1/V7_1_ROOT_LOCK.yaml
validation_contract:
  v7_2_validator: python3 docs/pursuing_goal/v7_2/tools/validate_v7_2_contract.py --root docs/pursuing_goal/v7_2
  project_validator: scripts/validate_project_governance.py --project arxiv-daily-push
