{
  "name": "x2n-workspace",
  "version": "0.0.0.1",
  "lockfileVersion": 3,
  "requires": true,
  "packages": {
    "": {
      "name": "x2n-workspace",
      "version": "0.0.0.1",
      "workspaces": [
        "apps/extension",
        "packages/contracts",
        "packages/test-fixtures"
      ]
    },
    "apps/extension": {
      "name": "@x2n/extension",
      "version": "0.0.0.1"
    },
    "node_modules/@x2n/contracts": {
      "resolved": "packages/contracts",
      "link": true
    },
    "node_modules/@x2n/extension": {
      "resolved": "apps/extension",
      "link": true
    },
    "node_modules/@x2n/test-fixtures": {
      "resolved": "packages/test-fixtures",
      "link": true
    },
    "packages/contracts": {
      "name": "@x2n/contracts",
      "version": "0.0.0.1"
    },
    "packages/test-fixtures": {
      "name": "@x2n/test-fixtures",
      "version": "0.0.0.1"
    }
  }
}
